// !$*UTF8*$!
{
	archiveVersion = 1;
	classes = {
	};
	objectVersion = 56;
	objects = {

/* Begin PBXBuildFile section */
		7116E4222A1D593E006D4008 /* AITripAdvisorApp.swift in Sources */ = {isa = PBXBuildFile; fileRef = 7116E4212A1D593E006D4008 /* AITripAdvisorApp.swift */; };
		7116E4242A1D593E006D4008 /* ContentView.swift in Sources */ = {isa = PBXBuildFile; fileRef = 7116E4232A1D593E006D4008 /* ContentView.swift */; };
		7116E4262A1D593F006D4008 /* Assets.xcassets in Resources */ = {isa = PBXBuildFile; fileRef = 7116E4252A1D593F006D4008 /* Assets.xcassets */; };
		7116E4292A1D593F006D4008 /* Preview Assets.xcassets in Resources */ = {isa = PBXBuildFile; fileRef = 7116E4282A1D593F006D4008 /* Preview Assets.xcassets */; };
		7116E4332A1D5AE1006D4008 /* PlanGroupModel.swift in Sources */ = {isa = PBXBuildFile; fileRef = 7116E4322A1D5AE1006D4008 /* PlanGroupModel.swift */; };
		7116E4352A1D5B08006D4008 /* PlanGroupVM.swift in Sources */ = {isa = PBXBuildFile; fileRef = 7116E4342A1D5B08006D4008 /* PlanGroupVM.swift */; };
		BD46DFDAE79C0F18C64F348A /* Pods_AITripAdvisor.framework in Frameworks */ = {isa = PBXBuildFile; fileRef = 51D91CD117809A5BCED23A37 /* Pods_AITripAdvisor.framework */; };
/* End PBXBuildFile section */

/* Begin PBXFileReference section */
		3B540BDB80299B9B211D8CBA /* Pods-AITripAdvisor.debug.xcconfig */ = {isa = PBXFileReference; includeInIndex = 1; lastKnownFileType = text.xcconfig; name = "Pods-AITripAdvisor.debug.xcconfig"; path = "Target Support Files/Pods-AITripAdvisor/Pods-AITripAdvisor.debug.xcconfig"; sourceTree = "<group>"; };
		51D91CD117809A5BCED23A37 /* Pods_AITripAdvisor.framework */ = {isa = PBXFileReference; explicitFileType = wrapper.framework; includeInIndex = 0; path = Pods_AITripAdvisor.framework; sourceTree = BUILT_PRODUCTS_DIR; };
		7116E41E2A1D593E006D4008 /* AITripAdvisor.app */ = {isa = PBXFileReference; explicitFileType = wrapper.application; includeInIndex = 0; path = AITripAdvisor.app; sourceTree = BUILT_PRODUCTS_DIR; };
		7116E4212A1D593E006D4008 /* AITripAdvisorApp.swift */ = {isa = PBXFileReference; lastKnownFileType = sourcecode.swift; path = AITripAdvisorApp.swift; sourceTree = "<group>"; };
		7116E4232A1D593E006D4008 /* ContentView.swift */ = {isa = PBXFileReference; lastKnownFileType = sourcecode.swift; path = ContentView.swift; sourceTree = "<group>"; };
		7116E4252A1D593F006D4008 /* Assets.xcassets */ = {isa = PBXFileReference; lastKnownFileType = folder.assetcatalog; path = Assets.xcassets; sourceTree = "<group>"; };
		7116E4282A1D593F006D4008 /* Preview Assets.xcassets */ = {isa = PBXFileReference; lastKnownFileType = folder.assetcatalog; path = "Preview Assets.xcassets"; sourceTree = "<group>"; };
		7116E4322A1D5AE1006D4008 /* PlanGroupModel.swift */ = {isa = PBXFileReference; lastKnownFileType = sourcecode.swift; path = PlanGroupModel.swift; sourceTree = "<group>"; };
		7116E4342A1D5B08006D4008 /* PlanGroupVM.swift */ = {isa = PBXFileReference; lastKnownFileType = sourcecode.swift; path = PlanGroupVM.swift; sourceTree = "<group>"; };
		C47D66ABB3A5D6C775558AB8 /* Pods-AITripAdvisor.release.xcconfig */ = {isa = PBXFileReference; includeInIndex = 1; lastKnownFileType = text.xcconfig; name = "Pods-AITripAdvisor.release.xcconfig"; path = "Target Support Files/Pods-AITripAdvisor/Pods-AITripAdvisor.release.xcconfig"; sourceTree = "<group>"; };
/* End PBXFileReference section */

/* Begin PBXFrameworksBuildPhase section */
		7116E41B2A1D593E006D4008 /* Frameworks */ = {
			isa = PBXFrameworksBuildPhase;
			buildActionMask = 2147483647;
			files = (
				BD46DFDAE79C0F18C64F348A /* Pods_AITripAdvisor.framework in Frameworks */,
			);
			runOnlyForDeploymentPostprocessing = 0;
		};
/* End PBXFrameworksBuildPhase section */

/* Begin PBXGroup section */
		7116E4152A1D593E006D4008 = {
			isa = PBXGroup;
			children = (
				7116E4202A1D593E006D4008 /* AITripAdvisor */,
				7116E41F2A1D593E006D4008 /* Products */,
				BCD13FBE3B405E9221550427 /* Pods */,
				913B5DB6AC4AB2576F177542 /* Frameworks */,
			);
			sourceTree = "<group>";
		};
		7116E41F2A1D593E006D4008 /* Products */ = {
			isa = PBXGroup;
			children = (
				7116E41E2A1D593E006D4008 /* AITripAdvisor.app */,
			);
			name = Products;
			sourceTree = "<group>";
		};
		7116E4202A1D593E006D4008 /* AITripAdvisor */ = {
			isa = PBXGroup;
			children = (
				7116E4212A1D593E006D4008 /* AITripAdvisorApp.swift */,
				7116E4312A1D59F8006D4008 /* Model */,
				7116E4302A1D59E3006D4008 /* ViewModel */,
				7116E42F2A1D59CE006D4008 /* View */,
				7116E4252A1D593F006D4008 /* Assets.xcassets */,
				7116E4272A1D593F006D4008 /* Preview Content */,
			);
			path = AITripAdvisor;
			sourceTree = "<group>";
		};
		7116E4272A1D593F006D4008 /* Preview Content */ = {
			isa = PBXGroup;
			children = (
				7116E4282A1D593F006D4008 /* Preview Assets.xcassets */,
			);
			path = "Preview Content";
			sourceTree = "<group>";
		};
		7116E42F2A1D59CE006D4008 /* View */ = {
			isa = PBXGroup;
			children = (
				7116E4232A1D593E006D4008 /* ContentView.swift */,
			);
			path = View;
			sourceTree = "<group>";
		};
		7116E4302A1D59E3006D4008 /* ViewModel */ = {
			isa = PBXGroup;
			children = (
				7116E4342A1D5B08006D4008 /* PlanGroupVM.swift */,
			);
			path = ViewModel;
			sourceTree = "<group>";
		};
		7116E4312A1D59F8006D4008 /* Model */ = {
			isa = PBXGroup;
			children = (
				7116E4322A1D5AE1006D4008 /* PlanGroupModel.swift */,
			);
			path = Model;
			sourceTree = "<group>";
		};
		913B5DB6AC4AB2576F177542 /* Frameworks */ = {
			isa = PBXGroup;
			children = (
				51D91CD117809A5BCED23A37 /* Pods_AITripAdvisor.framework */,
			);
			name = Frameworks;
			sourceTree = "<group>";
		};
		BCD13FBE3B405E9221550427 /* Pods */ = {
			isa = PBXGroup;
			children = (
				3B540BDB80299B9B211D8CBA /* Pods-AITripAdvisor.debug.xcconfig */,
				C47D66ABB3A5D6C775558AB8 /* Pods-AITripAdvisor.release.xcconfig */,
			);
			path = Pods;
			sourceTree = "<group>";
		};
/* End PBXGroup section */

/* Begin PBXNativeTarget section */
		7116E41D2A1D593E006D4008 /* AITripAdvisor */ = {
			isa = PBXNativeTarget;
			buildConfigurationList = 7116E42C2A1D593F006D4008 /* Build configuration list for PBXNativeTarget "AITripAdvisor" */;
			buildPhases = (
				FABC0F4968057617F7D789F9 /* [CP] Check Pods Manifest.lock */,
				7116E41A2A1D593E006D4008 /* Sources */,
				7116E41B2A1D593E006D4008 /* Frameworks */,
				7116E41C2A1D593E006D4008 /* Resources */,
				EFD2E21137DA53BC6E41EB71 /* [CP] Embed Pods Frameworks */,
			);
			buildRules = (
			);
			dependencies = (
			);
			name = AITripAdvisor;
			productName = AITripAdvisor;
			productReference = 7116E41E2A1D593E006D4008 /* AITripAdvisor.app */;
			productType = "com.apple.product-type.application";
		};
/* End PBXNativeTarget section */

/* Begin PBXProject section */
		7116E4162A1D593E006D4008 /* Project object */ = {
			isa = PBXProject;
			attributes = {
				BuildIndependentTargetsInParallel = 1;
				LastSwiftUpdateCheck = 1430;
				LastUpgradeCheck = 1430;
				TargetAttributes = {
					7116E41D2A1D593E006D4008 = {
						CreatedOnToolsVersion = 14.3;
					};
				};
			};
			buildConfigurationList = 7116E4192A1D593E006D4008 /* Build configuration list for PBXProject "AITripAdvisor" */;
			compatibilityVersion = "Xcode 14.0";
			developmentRegion = en;
			hasScannedForEncodings = 0;
			knownRegions = (
				en,
				Base,
			);
			mainGroup = 7116E4152A1D593E006D4008;
			productRefGroup = 7116E41F2A1D593E006D4008 /* Products */;
			projectDirPath = "";
			projectRoot = "";
			targets = (
				7116E41D2A1D593E006D4008 /* AITripAdvisor */,
			);
		};
/* End PBXProject section */

/* Begin PBXResourcesBuildPhase section */
		7116E41C2A1D593E006D4008 /* Resources */ = {
			isa = PBXResourcesBuildPhase;
			buildActionMask = 2147483647;
			files = (
				7116E4292A1D593F006D4008 /* Preview Assets.xcassets in Resources */,
				7116E4262A1D593F006D4008 /* Assets.xcassets in Resources */,
			);
			runOnlyForDeploymentPostprocessing = 0;
		};
/* End PBXResourcesBuildPhase section */

/* Begin PBXShellScriptBuildPhase section */
		EFD2E21137DA53BC6E41EB71 /* [CP] Embed Pods Frameworks */ = {
			isa = PBXShellScriptBuildPhase;
			buildActionMask = 2147483647;
			files = (
			);
			inputFileListPaths = (
				"${PODS_ROOT}/Target Support Files/Pods-AITripAdvisor/Pods-AITripAdvisor-frameworks-${CONFIGURATION}-input-files.xcfilelist",
			);
			name = "[CP] Embed Pods Frameworks";
			outputFileListPaths = (
				"${PODS_ROOT}/Target Support Files/Pods-AITripAdvisor/Pods-AITripAdvisor-frameworks-${CONFIGURATION}-output-files.xcfilelist",
			);
			runOnlyForDeploymentPostprocessing = 0;
			shellPath = /bin/sh;
			shellScript = "\"${PODS_ROOT}/Target Support Files/Pods-AITripAdvisor/Pods-AITripAdvisor-frameworks.sh\"\n";
			showEnvVarsInLog = 0;
		};
		FABC0F4968057617F7D789F9 /* [CP] Check Pods Manifest.lock */ = {
			isa = PBXShellScriptBuildPhase;
			buildActionMask = 2147483647;
			files = (
			);
			inputFileListPaths = (
			);
			inputPaths = (
				"${PODS_PODFILE_DIR_PATH}/Podfile.lock",
				"${PODS_ROOT}/Manifest.lock",
			);
			name = "[CP] Check Pods Manifest.lock";
			outputFileListPaths = (
			);
			outputPaths = (
				"$(DERIVED_FILE_DIR)/Pods-AITripAdvisor-checkManifestLockResult.txt",
			);
			runOnlyForDeploymentPostprocessing = 0;
			shellPath = /bin/sh;
			shellScript = "diff \"${PODS_PODFILE_DIR_PATH}/Podfile.lock\" \"${PODS_ROOT}/Manifest.lock\" > /dev/null\nif [ $? != 0 ] ; then\n    # print error to STDERR\n    echo \"error: The sandbox is not in sync with the Podfile.lock. Run 'pod install' or update your CocoaPods installation.\" >&2\n    exit 1\nfi\n# This output is used by Xcode 'outputs' to avoid re-running this script phase.\necho \"SUCCESS\" > \"${SCRIPT_OUTPUT_FILE_0}\"\n";
			showEnvVarsInLog = 0;
		};
/* End PBXShellScriptBuildPhase section */

/* Begin PBXSourcesBuildPhase section */
		7116E41A2A1D593E006D4008 /* Sources */ = {
			isa = PBXSourcesBuildPhase;
			buildActionMask = 2147483647;
			files = (
				7116E4242A1D593E006D4008 /* ContentView.swift in Sources */,
				7116E4222A1D593E006D4008 /* AITripAdvisorApp.swift in Sources */,
				7116E4332A1D5AE1006D4008 /* PlanGroupModel.swift in Sources */,
				7116E4352A1D5B08006D4008 /* PlanGroupVM.swift in Sources */,
			);
			runOnlyForDeploymentPostprocessing = 0;
		};
/* End PBXSourcesBuildPhase section */

/* Begin XCBuildConfiguration section */
		7116E42A2A1D593F006D4008 /* Debug */ = {
			isa = XCBuildConfiguration;
			buildSettings = {
				ALWAYS_SEARCH_USER_PATHS = NO;
				CLANG_ANALYZER_NONNULL = YES;
				CLANG_ANALYZER_NUMBER_OBJECT_CONVERSION = YES_AGGRESSIVE;
				CLANG_CXX_LANGUAGE_STANDARD = "gnu++20";
				CLANG_ENABLE_MODULES = YES;
				CLANG_ENABLE_OBJC_ARC = YES;
				CLANG_ENABLE_OBJC_WEAK = YES;
				CLANG_WARN_BLOCK_CAPTURE_AUTORELEASING = YES;
				CLANG_WARN_BOOL_CONVERSION = YES;
				CLANG_WARN_COMMA = YES;
				CLANG_WARN_CONSTANT_CONVERSION = YES;
				CLANG_WARN_DEPRECATED_OBJC_IMPLEMENTATIONS = YES;
				CLANG_WARN_DIRECT_OBJC_ISA_USAGE = YES_ERROR;
				CLANG_WARN_DOCUMENTATION_COMMENTS = YES;
				CLANG_WARN_EMPTY_BODY = YES;
				CLANG_WARN_ENUM_CONVERSION = YES;
				CLANG_WARN_INFINITE_RECURSION = YES;
				CLANG_WARN_INT_CONVERSION = YES;
				CLANG_WARN_NON_LITERAL_NULL_CONVERSION = YES;
				CLANG_WARN_OBJC_IMPLICIT_RETAIN_SELF = YES;
				CLANG_WARN_OBJC_LITERAL_CONVERSION = YES;
				CLANG_WARN_OBJC_ROOT_CLASS = YES_ERROR;
				CLANG_WARN_QUOTED_INCLUDE_IN_FRAMEWORK_HEADER = YES;
				CLANG_WARN_RANGE_LOOP_ANALYSIS = YES;
				CLANG_WARN_STRICT_PROTOTYPES = YES;
				CLANG_WARN_SUSPICIOUS_MOVE = YES;
				CLANG_WARN_UNGUARDED_AVAILABILITY = YES_AGGRESSIVE;
				CLANG_WARN_UNREACHABLE_CODE = YES;
				CLANG_WARN__DUPLICATE_METHOD_MATCH = YES;
				COPY_PHASE_STRIP = NO;
				DEBUG_INFORMATION_FORMAT = dwarf;
				ENABLE_STRICT_OBJC_MSGSEND = YES;
				ENABLE_TESTABILITY = YES;
				GCC_C_LANGUAGE_STANDARD = gnu11;
				GCC_DYNAMIC_NO_PIC = NO;
				GCC_NO_COMMON_BLOCKS = YES;
				GCC_OPTIMIZATION_LEVEL = 0;
				GCC_PREPROCESSOR_DEFINITIONS = (
					"DEBUG=1",
					"$(inherited)",
				);
				GCC_WARN_64_TO_32_BIT_CONVERSION = YES;
				GCC_WARN_ABOUT_RETURN_TYPE = YES_ERROR;
				GCC_WARN_UNDECLARED_SELECTOR = YES;
				GCC_WARN_UNINITIALIZED_AUTOS = YES_AGGRESSIVE;
				GCC_WARN_UNUSED_FUNCTION = YES;
				GCC_WARN_UNUSED_VARIABLE = YES;
				IPHONEOS_DEPLOYMENT_TARGET = 16.4;
				MTL_ENABLE_DEBUG_INFO = INCLUDE_SOURCE;
				MTL_FAST_MATH = YES;
				ONLY_ACTIVE_ARCH = YES;
				SDKROOT = iphoneos;
				SWIFT_ACTIVE_COMPILATION_CONDITIONS = DEBUG;
				SWIFT_OPTIMIZATION_LEVEL = "-Onone";
			};
			name = Debug;
		};
		7116E42B2A1D593F006D4008 /* Release */ = {
			isa = XCBuildConfiguration;
			buildSettings = {
				ALWAYS_SEARCH_USER_PATHS = NO;
				CLANG_ANALYZER_NONNULL = YES;
				CLANG_ANALYZER_NUMBER_OBJECT_CONVERSION = YES_AGGRESSIVE;
				CLANG_CXX_LANGUAGE_STANDARD = "gnu++20";
				CLANG_ENABLE_MODULES = YES;
				CLANG_ENABLE_OBJC_ARC = YES;
				CLANG_ENABLE_OBJC_WEAK = YES;
				CLANG_WARN_BLOCK_CAPTURE_AUTORELEASING = YES;
				CLANG_WARN_BOOL_CONVERSION = YES;
				CLANG_WARN_COMMA = YES;
				CLANG_WARN_CONSTANT_CONVERSION = YES;
				CLANG_WARN_DEPRECATED_OBJC_IMPLEMENTATIONS = YES;
				CLANG_WARN_DIRECT_OBJC_ISA_USAGE = YES_ERROR;
				CLANG_WARN_DOCUMENTATION_COMMENTS = YES;
				CLANG_WARN_EMPTY_BODY = YES;
				CLANG_WARN_ENUM_CONVERSION = YES;
				CLANG_WARN_INFINITE_RECURSION = YES;
				CLANG_WARN_INT_CONVERSION = YES;
				CLANG_WARN_NON_LITERAL_NULL_CONVERSION = YES;
				CLANG_WARN_OBJC_IMPLICIT_RETAIN_SELF = YES;
				CLANG_WARN_OBJC_LITERAL_CONVERSION = YES;
				CLANG_WARN_OBJC_ROOT_CLASS = YES_ERROR;
				CLANG_WARN_QUOTED_INCLUDE_IN_FRAMEWORK_HEADER = YES;
				CLANG_WARN_RANGE_LOOP_ANALYSIS = YES;
				CLANG_WARN_STRICT_PROTOTYPES = YES;
				CLANG_WARN_SUSPICIOUS_MOVE = YES;
				CLANG_WARN_UNGUARDED_AVAILABILITY = YES_AGGRESSIVE;
				CLANG_WARN_UNREACHABLE_CODE = YES;
				CLANG_WARN__DUPLICATE_METHOD_MATCH = YES;
				COPY_PHASE_STRIP = NO;
				DEBUG_INFORMATION_FORMAT = "dwarf-with-dsym";
				ENABLE_NS_ASSERTIONS = NO;
				ENABLE_STRICT_OBJC_MSGSEND = YES;
				GCC_C_LANGUAGE_STANDARD = gnu11;
				GCC_NO_COMMON_BLOCKS = YES;
				GCC_WARN_64_TO_32_BIT_CONVERSION = YES;
				GCC_WARN_ABOUT_RETURN_TYPE = YES_ERROR;
				GCC_WARN_UNDECLARED_SELECTOR = YES;
				GCC_WARN_UNINITIALIZED_AUTOS = YES_AGGRESSIVE;
				GCC_WARN_UNUSED_FUNCTION = YES;
				GCC_WARN_UNUSED_VARIABLE = YES;
				IPHONEOS_DEPLOYMENT_TARGET = 16.4;
				MTL_ENABLE_DEBUG_INFO = NO;
				MTL_FAST_MATH = YES;
				SDKROOT = iphoneos;
				SWIFT_COMPILATION_MODE = wholemodule;
				SWIFT_OPTIMIZATION_LEVEL = "-O";
				VALIDATE_PRODUCT = YES;
			};
			name = Release;
		};
		7116E42D2A1D593F006D4008 /* Debug */ = {
			isa = XCBuildConfiguration;
			baseConfigurationReference = 3B540BDB80299B9B211D8CBA /* Pods-AITripAdvisor.debug.xcconfig */;
			buildSettings = {
				ASSETCATALOG_COMPILER_APPICON_NAME = AppIcon;
				ASSETCATALOG_COMPILER_GLOBAL_ACCENT_COLOR_NAME = AccentColor;
				CODE_SIGN_STYLE = Automatic;
				CURRENT_PROJECT_VERSION = 1;
				DEVELOPMENT_ASSET_PATHS = "\"AITripAdvisor/Preview Content\"";
				DEVELOPMENT_TEAM = 665JF25HMS;
				ENABLE_PREVIEWS = YES;
				GENERATE_INFOPLIST_FILE = YES;
				INFOPLIST_KEY_UIApplicationSceneManifest_Generation = YES;
				INFOPLIST_KEY_UIApplicationSupportsIndirectInputEvents = YES;
				INFOPLIST_KEY_UILaunchScreen_Generation = YES;
				INFOPLIST_KEY_UISupportedInterfaceOrientations_iPad = "UIInterfaceOrientationPortrait UIInterfaceOrientationPortraitUpsideDown UIInterfaceOrientationLandscapeLeft UIInterfaceOrientationLandscapeRight";
				INFOPLIST_KEY_UISupportedInterfaceOrientations_iPhone = "UIInterfaceOrientationPortrait UIInterfaceOrientationLandscapeLeft UIInterfaceOrientationLandscapeRight";
				IPHONEOS_DEPLOYMENT_TARGET = 15.0;
				LD_RUNPATH_SEARCH_PATHS = (
					"$(inherited)",
					"@executable_path/Frameworks",
				);
				MARKETING_VERSION = 1.0;
				PRODUCT_BUNDLE_IDENTIFIER = edu.orange.AITripAdvisor;
				PRODUCT_NAME = "$(TARGET_NAME)";
				SWIFT_EMIT_LOC_STRINGS = YES;
				SWIFT_VERSION = 5.0;
				TARGETED_DEVICE_FAMILY = "1,2";
			};
			name = Debug;
		};
		7116E42E2A1D593F006D4008 /* Release */ = {
			isa = XCBuildConfiguration;
			baseConfigurationReference = C47D66ABB3A5D6C775558AB8 /* Pods-AITripAdvisor.release.xcconfig */;
			buildSettings = {
				ASSETCATALOG_COMPILER_APPICON_NAME = AppIcon;
				ASSETCATALOG_COMPILER_GLOBAL_ACCENT_COLOR_NAME = AccentColor;
				CODE_SIGN_STYLE = Automatic;
				CURRENT_PROJECT_VERSION = 1;
				DEVELOPMENT_ASSET_PATHS = "\"AITripAdvisor/Preview Content\"";
				DEVELOPMENT_TEAM = 665JF25HMS;
				ENABLE_PREVIEWS = YES;
				GENERATE_INFOPLIST_FILE = YES;
				INFOPLIST_KEY_UIApplicationSceneManifest_Generation = YES;
				INFOPLIST_KEY_UIApplicationSupportsIndirectInputEvents = YES;
				INFOPLIST_KEY_UILaunchScreen_Generation = YES;
				INFOPLIST_KEY_UISupportedInterfaceOrientations_iPad = "UIInterfaceOrientationPortrait UIInterfaceOrientationPortraitUpsideDown UIInterfaceOrientationLandscapeLeft UIInterfaceOrientationLandscapeRight";
				INFOPLIST_KEY_UISupportedInterfaceOrientations_iPhone = "UIInterfaceOrientationPortrait UIInterfaceOrientationLandscapeLeft UIInterfaceOrientationLandscapeRight";
				IPHONEOS_DEPLOYMENT_TARGET = 15.0;
				LD_RUNPATH_SEARCH_PATHS = (
					"$(inherited)",
					"@executable_path/Frameworks",
				);
				MARKETING_VERSION = 1.0;
				PRODUCT_BUNDLE_IDENTIFIER = edu.orange.AITripAdvisor;
				PRODUCT_NAME = "$(TARGET_NAME)";
				SWIFT_EMIT_LOC_STRINGS = YES;
				SWIFT_VERSION = 5.0;
				TARGETED_DEVICE_FAMILY = "1,2";
			};
			name = Release;
		};
/* End XCBuildConfiguration section */

/* Begin XCConfigurationList section */
		7116E4192A1D593E006D4008 /* Build configuration list for PBXProject "AITripAdvisor" */ = {
			isa = XCConfigurationList;
			buildConfigurations = (
				7116E42A2A1D593F006D4008 /* Debug */,
				7116E42B2A1D593F006D4008 /* Release */,
			);
			defaultConfigurationIsVisible = 0;
			defaultConfigurationName = Release;
		};
		7116E42C2A1D593F006D4008 /* Build configuration list for PBXNativeTarget "AITripAdvisor" */ = {
			isa = XCConfigurationList;
			buildConfigurations = (
				7116E42D2A1D593F006D4008 /* Debug */,
				7116E42E2A1D593F006D4008 /* Release */,
			);
			defaultConfigurationIsVisible = 0;
			defaultConfigurationName = Release;
		};
/* End XCConfigurationList section */
	};
	rootObject = 7116E4162A1D593E006D4008 /* Project object */;
}
